// !$*UTF8*$!
{
	archiveVersion = 1;
	classes = {
	};
	objectVersion = 46;
	objects = {

/* Begin PBXBuildFile section */
		02BDDCE2B1285A373E8FEAA3 /* Pods_CatchTheRate.framework in Frameworks */ = {isa = PBXBuildFile; fileRef = 183D7CDE800DE970F91A0EC9 /* Pods_CatchTheRate.framework */; };
		AD661EFC1F0FCD17008F5A88 /* AppDelegate.swift in Sources */ = {isa = PBXBuildFile; fileRef = AD661EFB1F0FCD17008F5A88 /* AppDelegate.swift */; };
		AD661EFE1F0FCD17008F5A88 /* ViewController.swift in Sources */ = {isa = PBXBuildFile; fileRef = AD661EFD1F0FCD17008F5A88 /* ViewController.swift */; };
		AD661F011F0FCD17008F5A88 /* Main.storyboard in Resources */ = {isa = PBXBuildFile; fileRef = AD661EFF1F0FCD17008F5A88 /* Main.storyboard */; };
		AD661F031F0FCD17008F5A88 /* Assets.xcassets in Resources */ = {isa = PBXBuildFile; fileRef = AD661F021F0FCD17008F5A88 /* Assets.xcassets */; };
		AD661F061F0FCD17008F5A88 /* LaunchScreen.storyboard in Resources */ = {isa = PBXBuildFile; fileRef = AD661F041F0FCD17008F5A88 /* LaunchScreen.storyboard */; };
		ADBF2E301F0FCE740048EEBB /* CatchData.swift in Sources */ = {isa = PBXBuildFile; fileRef = ADBF2E2F1F0FCE740048EEBB /* CatchData.swift */; };
/* End PBXBuildFile section */

/* Begin PBXFileReference section */
		183D7CDE800DE970F91A0EC9 /* Pods_CatchTheRate.framework */ = {isa = PBXFileReference; explicitFileType = wrapper.framework; includeInIndex = 0; path = Pods_CatchTheRate.framework; sourceTree = BUILT_PRODUCTS_DIR; };
		A62FB233393C20A4C629D2DF /* Pods-CatchTheRate.debug.xcconfig */ = {isa = PBXFileReference; includeInIndex = 1; lastKnownFileType = text.xcconfig; name = "Pods-CatchTheRate.debug.xcconfig"; path = "Pods/Target Support Files/Pods-CatchTheRate/Pods-CatchTheRate.debug.xcconfig"; sourceTree = "<group>"; };
		AC51FBF4E681752C93E93129 /* Pods-CatchTheRate.release.xcconfig */ = {isa = PBXFileReference; includeInIndex = 1; lastKnownFileType = text.xcconfig; name = "Pods-CatchTheRate.release.xcconfig"; path = "Pods/Target Support Files/Pods-CatchTheRate/Pods-CatchTheRate.release.xcconfig"; sourceTree = "<group>"; };
		AD661EF81F0FCD16008F5A88 /* CatchTheRate.app */ = {isa = PBXFileReference; explicitFileType = wrapper.application; includeInIndex = 0; path = CatchTheRate.app; sourceTree = BUILT_PRODUCTS_DIR; };
		AD661EFB1F0FCD17008F5A88 /* AppDelegate.swift */ = {isa = PBXFileReference; lastKnownFileType = sourcecode.swift; path = AppDelegate.swift; sourceTree = "<group>"; };
		AD661EFD1F0FCD17008F5A88 /* ViewController.swift */ = {isa = PBXFileReference; lastKnownFileType = sourcecode.swift; path = ViewController.swift; sourceTree = "<group>"; };
		AD661F001F0FCD17008F5A88 /* Base */ = {isa = PBXFileReference; lastKnownFileType = file.storyboard; name = Base; path = Base.lproj/Main.storyboard; sourceTree = "<group>"; };
		AD661F021F0FCD17008F5A88 /* Assets.xcassets */ = {isa = PBXFileReference; lastKnownFileType = folder.assetcatalog; path = Assets.xcassets; sourceTree = "<group>"; };
		AD661F051F0FCD17008F5A88 /* Base */ = {isa = PBXFileReference; lastKnownFileType = file.storyboard; name = Base; path = Base.lproj/LaunchScreen.storyboard; sourceTree = "<group>"; };
		AD661F071F0FCD17008F5A88 /* Info.plist */ = {isa = PBXFileReference; lastKnownFileType = text.plist.xml; path = Info.plist; sourceTree = "<group>"; };
		ADBF2E2F1F0FCE740048EEBB /* CatchData.swift */ = {isa = PBXFileReference; fileEncoding = 4; lastKnownFileType = sourcecode.swift; path = CatchData.swift; sourceTree = "<group>"; };
/* End PBXFileReference section */

/* Begin PBXFrameworksBuildPhase section */
		AD661EF51F0FCD16008F5A88 /* Frameworks */ = {
			isa = PBXFrameworksBuildPhase;
			buildActionMask = 2147483647;
			files = (
				02BDDCE2B1285A373E8FEAA3 /* Pods_CatchTheRate.framework in Frameworks */,
			);
			runOnlyForDeploymentPostprocessing = 0;
		};
/* End PBXFrameworksBuildPhase section */

/* Begin PBXGroup section */
		92E38D9E19211EA1DF267FC0 /* Pods */ = {
			isa = PBXGroup;
			children = (
				A62FB233393C20A4C629D2DF /* Pods-CatchTheRate.debug.xcconfig */,
				AC51FBF4E681752C93E93129 /* Pods-CatchTheRate.release.xcconfig */,
			);
			name = Pods;
			sourceTree = "<group>";
		};
		AD661EEF1F0FCD16008F5A88 = {
			isa = PBXGroup;
			children = (
				AD661EFA1F0FCD16008F5A88 /* CatchTheRate */,
				AD661EF91F0FCD16008F5A88 /* Products */,
				92E38D9E19211EA1DF267FC0 /* Pods */,
				F909EF7589EF7379D52664DD /* Frameworks */,
			);
			sourceTree = "<group>";
		};
		AD661EF91F0FCD16008F5A88 /* Products */ = {
			isa = PBXGroup;
			children = (
				AD661EF81F0FCD16008F5A88 /* CatchTheRate.app */,
			);
			name = Products;
			sourceTree = "<group>";
		};
		AD661EFA1F0FCD16008F5A88 /* CatchTheRate */ = {
			isa = PBXGroup;
			children = (
				AD661EFB1F0FCD17008F5A88 /* AppDelegate.swift */,
				AD661EFD1F0FCD17008F5A88 /* ViewController.swift */,
				AD661EFF1F0FCD17008F5A88 /* Main.storyboard */,
				ADBF2E2F1F0FCE740048EEBB /* CatchData.swift */,
				AD661F021F0FCD17008F5A88 /* Assets.xcassets */,
				AD661F041F0FCD17008F5A88 /* LaunchScreen.storyboard */,
				AD661F071F0FCD17008F5A88 /* Info.plist */,
			);
			path = CatchTheRate;
			sourceTree = "<group>";
		};
		F909EF7589EF7379D52664DD /* Frameworks */ = {
			isa = PBXGroup;
			children = (
				183D7CDE800DE970F91A0EC9 /* Pods_CatchTheRate.framework */,
			);
			name = Frameworks;
			sourceTree = "<group>";
		};
/* End PBXGroup section */

/* Begin PBXNativeTarget section */
		AD661EF71F0FCD16008F5A88 /* CatchTheRate */ = {
			isa = PBXNativeTarget;
			buildConfigurationList = AD661F0A1F0FCD17008F5A88 /* Build configuration list for PBXNativeTarget "CatchTheRate" */;
			buildPhases = (
				74365E6E7574283E3FE244E0 /* [CP] Check Pods Manifest.lock */,
				AD661EF41F0FCD16008F5A88 /* Sources */,
				AD661EF51F0FCD16008F5A88 /* Frameworks */,
				AD661EF61F0FCD16008F5A88 /* Resources */,
				6BC5DCA98EC76F870D537A0C /* [CP] Embed Pods Frameworks */,
				63AA8932FFC08E69237022C4 /* [CP] Copy Pods Resources */,
			);
			buildRules = (
			);
			dependencies = (
			);
			name = CatchTheRate;
			productName = CatchTheRate;
			productReference = AD661EF81F0FCD16008F5A88 /* CatchTheRate.app */;
			productType = "com.apple.product-type.application";
		};
/* End PBXNativeTarget section */

/* Begin PBXProject section */
		AD661EF01F0FCD16008F5A88 /* Project object */ = {
			isa = PBXProject;
			attributes = {
				LastSwiftUpdateCheck = 0830;
				LastUpgradeCheck = 0830;
				ORGANIZATIONNAME = Zen;
				TargetAttributes = {
					AD661EF71F0FCD16008F5A88 = {
						CreatedOnToolsVersion = 8.3.2;
						ProvisioningStyle = Automatic;
					};
				};
			};
			buildConfigurationList = AD661EF31F0FCD16008F5A88 /* Build configuration list for PBXProject "CatchTheRate" */;
			compatibilityVersion = "Xcode 3.2";
			developmentRegion = English;
			hasScannedForEncodings = 0;
			knownRegions = (
				en,
				Base,
			);
			mainGroup = AD661EEF1F0FCD16008F5A88;
			productRefGroup = AD661EF91F0FCD16008F5A88 /* Products */;
			projectDirPath = "";
			projectRoot = "";
			targets = (
				AD661EF71F0FCD16008F5A88 /* CatchTheRate */,
			);
		};
/* End PBXProject section */

/* Begin PBXResourcesBuildPhase section */
		AD661EF61F0FCD16008F5A88 /* Resources */ = {
			isa = PBXResourcesBuildPhase;
			buildActionMask = 2147483647;
			files = (
				AD661F061F0FCD17008F5A88 /* LaunchScreen.storyboard in Resources */,
				AD661F031F0FCD17008F5A88 /* Assets.xcassets in Resources */,
				AD661F011F0FCD17008F5A88 /* Main.storyboard in Resources */,
			);
			runOnlyForDeploymentPostprocessing = 0;
		};
/* End PBXResourcesBuildPhase section */

/* Begin PBXShellScriptBuildPhase section */
		63AA8932FFC08E69237022C4 /* [CP] Copy Pods Resources */ = {
			isa = PBXShellScriptBuildPhase;
			buildActionMask = 2147483647;
			files = (
			);
			inputPaths = (
			);
			name = "[CP] Copy Pods Resources";
			outputPaths = (
			);
			runOnlyForDeploymentPostprocessing = 0;
			shellPath = /bin/sh;
			shellScript = "\"${SRCROOT}/Pods/Target Support Files/Pods-CatchTheRate/Pods-CatchTheRate-resources.sh\"\n";
			showEnvVarsInLog = 0;
		};
		6BC5DCA98EC76F870D537A0C /* [CP] Embed Pods Frameworks */ = {
			isa = PBXShellScriptBuildPhase;
			buildActionMask = 2147483647;
			files = (
			);
			inputPaths = (
			);
			name = "[CP] Embed Pods Frameworks";
			outputPaths = (
			);
			runOnlyForDeploymentPostprocessing = 0;
			shellPath = /bin/sh;
			shellScript = "\"${SRCROOT}/Pods/Target Support Files/Pods-CatchTheRate/Pods-CatchTheRate-frameworks.sh\"\n";
			showEnvVarsInLog = 0;
		};
		74365E6E7574283E3FE244E0 /* [CP] Check Pods Manifest.lock */ = {
			isa = PBXShellScriptBuildPhase;
			buildActionMask = 2147483647;
			files = (
			);
			inputPaths = (
			);
			name = "[CP] Check Pods Manifest.lock";
			outputPaths = (
			);
			runOnlyForDeploymentPostprocessing = 0;
			shellPath = /bin/sh;
			shellScript = "diff \"${PODS_PODFILE_DIR_PATH}/Podfile.lock\" \"${PODS_ROOT}/Manifest.lock\" > /dev/null\nif [ $? != 0 ] ; then\n    # print error to STDERR\n    echo \"error: The sandbox is not in sync with the Podfile.lock. Run 'pod install' or update your CocoaPods installation.\" >&2\n    exit 1\nfi\n";
			showEnvVarsInLog = 0;
		};
/* End PBXShellScriptBuildPhase section */

/* Begin PBXSourcesBuildPhase section */
		AD661EF41F0FCD16008F5A88 /* Sources */ = {
			isa = PBXSourcesBuildPhase;
			buildActionMask = 2147483647;
			files = (
				AD661EFE1F0FCD17008F5A88 /* ViewController.swift in Sources */,
				AD661EFC1F0FCD17008F5A88 /* AppDelegate.swift in Sources */,
				ADBF2E301F0FCE740048EEBB /* CatchData.swift in Sources */,
			);
			runOnlyForDeploymentPostprocessing = 0;
		};
/* End PBXSourcesBuildPhase section */

/* Begin PBXVariantGroup section */
		AD661EFF1F0FCD17008F5A88 /* Main.storyboard */ = {
			isa = PBXVariantGroup;
			children = (
				AD661F001F0FCD17008F5A88 /* Base */,
			);
			name = Main.storyboard;
			sourceTree = "<group>";
		};
		AD661F041F0FCD17008F5A88 /* LaunchScreen.storyboard */ = {
			isa = PBXVariantGroup;
			children = (
				AD661F051F0FCD17008F5A88 /* Base */,
			);
			name = LaunchScreen.storyboard;
			sourceTree = "<group>";
		};
/* End PBXVariantGroup section */

/* Begin XCBuildConfiguration section */
		AD661F081F0FCD17008F5A88 /* Debug */ = {
			isa = XCBuildConfiguration;
			buildSettings = {
				ALWAYS_SEARCH_USER_PATHS = NO;
				CLANG_ANALYZER_NONNULL = YES;
				CLANG_ANALYZER_NUMBER_OBJECT_CONVERSION = YES_AGGRESSIVE;
				CLANG_CXX_LANGUAGE_STANDARD = "gnu++0x";
				CLANG_CXX_LIBRARY = "libc++";
				CLANG_ENABLE_MODULES = YES;
				CLANG_ENABLE_OBJC_ARC = YES;
				CLANG_WARN_BOOL_CONVERSION = YES;
				CLANG_WARN_CONSTANT_CONVERSION = YES;
				CLANG_WARN_DIRECT_OBJC_ISA_USAGE = YES_ERROR;
				CLANG_WARN_DOCUMENTATION_COMMENTS = YES;
				CLANG_WARN_EMPTY_BODY = YES;
				CLANG_WARN_ENUM_CONVERSION = YES;
				CLANG_WARN_INFINITE_RECURSION = YES;
				CLANG_WARN_INT_CONVERSION = YES;
				CLANG_WARN_OBJC_ROOT_CLASS = YES_ERROR;
				CLANG_WARN_SUSPICIOUS_MOVE = YES;
				CLANG_WARN_UNREACHABLE_CODE = YES;
				CLANG_WARN__DUPLICATE_METHOD_MATCH = YES;
				"CODE_SIGN_IDENTITY[sdk=iphoneos*]" = "iPhone Developer";
				COPY_PHASE_STRIP = NO;
				DEBUG_INFORMATION_FORMAT = dwarf;
				ENABLE_STRICT_OBJC_MSGSEND = YES;
				ENABLE_TESTABILITY = YES;
				GCC_C_LANGUAGE_STANDARD = gnu99;
				GCC_DYNAMIC_NO_PIC = NO;
				GCC_NO_COMMON_BLOCKS = YES;
				GCC_OPTIMIZATION_LEVEL = 0;
				GCC_PREPROCESSOR_DEFINITIONS = (
					"DEBUG=1",
					"$(inherited)",
				);
				GCC_WARN_64_TO_32_BIT_CONVERSION = YES;
				GCC_WARN_ABOUT_RETURN_TYPE = YES_ERROR;
				GCC_WARN_UNDECLARED_SELECTOR = YES;
				GCC_WARN_UNINITIALIZED_AUTOS = YES_AGGRESSIVE;
				GCC_WARN_UNUSED_FUNCTION = YES;
				GCC_WARN_UNUSED_VARIABLE = YES;
				IPHONEOS_DEPLOYMENT_TARGET = 10.3;
				MTL_ENABLE_DEBUG_INFO = YES;
				ONLY_ACTIVE_ARCH = YES;
				SDKROOT = iphoneos;
				SWIFT_ACTIVE_COMPILATION_CONDITIONS = DEBUG;
				SWIFT_OPTIMIZATION_LEVEL = "-Onone";
			};
			name = Debug;
		};
		AD661F091F0FCD17008F5A88 /* Release */ = {
			isa = XCBuildConfiguration;
			buildSettings = {
				ALWAYS_SEARCH_USER_PATHS = NO;
				CLANG_ANALYZER_NONNULL = YES;
				CLANG_ANALYZER_NUMBER_OBJECT_CONVERSION = YES_AGGRESSIVE;
				CLANG_CXX_LANGUAGE_STANDARD = "gnu++0x";
				CLANG_CXX_LIBRARY = "libc++";
				CLANG_ENABLE_MODULES = YES;
				CLANG_ENABLE_OBJC_ARC = YES;
				CLANG_WARN_BOOL_CONVERSION = YES;
				CLANG_WARN_CONSTANT_CONVERSION = YES;
				CLANG_WARN_DIRECT_OBJC_ISA_USAGE = YES_ERROR;
				CLANG_WARN_DOCUMENTATION_COMMENTS = YES;
				CLANG_WARN_EMPTY_BODY = YES;
				CLANG_WARN_ENUM_CONVERSION = YES;
				CLANG_WARN_INFINITE_RECURSION = YES;
				CLANG_WARN_INT_CONVERSION = YES;
				CLANG_WARN_OBJC_ROOT_CLASS = YES_ERROR;
				CLANG_WARN_SUSPICIOUS_MOVE = YES;
				CLANG_WARN_UNREACHABLE_CODE = YES;
				CLANG_WARN__DUPLICATE_METHOD_MATCH = YES;
				"CODE_SIGN_IDENTITY[sdk=iphoneos*]" = "iPhone Developer";
				COPY_PHASE_STRIP = NO;
				DEBUG_INFORMATION_FORMAT = "dwarf-with-dsym";
				ENABLE_NS_ASSERTIONS = NO;
				ENABLE_STRICT_OBJC_MSGSEND = YES;
				GCC_C_LANGUAGE_STANDARD = gnu99;
				GCC_NO_COMMON_BLOCKS = YES;
				GCC_WARN_64_TO_32_BIT_CONVERSION = YES;
				GCC_WARN_ABOUT_RETURN_TYPE = YES_ERROR;
				GCC_WARN_UNDECLARED_SELECTOR = YES;
				GCC_WARN_UNINITIALIZED_AUTOS = YES_AGGRESSIVE;
				GCC_WARN_UNUSED_FUNCTION = YES;
				GCC_WARN_UNUSED_VARIABLE = YES;
				IPHONEOS_DEPLOYMENT_TARGET = 10.3;
				MTL_ENABLE_DEBUG_INFO = NO;
				SDKROOT = iphoneos;
				SWIFT_OPTIMIZATION_LEVEL = "-Owholemodule";
				VALIDATE_PRODUCT = YES;
			};
			name = Release;
		};
		AD661F0B1F0FCD17008F5A88 /* Debug */ = {
			isa = XCBuildConfiguration;
			baseConfigurationReference = A62FB233393C20A4C629D2DF /* Pods-CatchTheRate.debug.xcconfig */;
			buildSettings = {
				ASSETCATALOG_COMPILER_APPICON_NAME = AppIcon;
				INFOPLIST_FILE = CatchTheRate/Info.plist;
				LD_RUNPATH_SEARCH_PATHS = "$(inherited) @executable_path/Frameworks";
				PRODUCT_BUNDLE_IDENTIFIER = Zen.CatchTheRate;
				PRODUCT_NAME = "$(TARGET_NAME)";
				SWIFT_VERSION = 3.0;
			};
			name = Debug;
		};
		AD661F0C1F0FCD17008F5A88 /* Release */ = {
			isa = XCBuildConfiguration;
			baseConfigurationReference = AC51FBF4E681752C93E93129 /* Pods-CatchTheRate.release.xcconfig */;
			buildSettings = {
				ASSETCATALOG_COMPILER_APPICON_NAME = AppIcon;
				INFOPLIST_FILE = CatchTheRate/Info.plist;
				LD_RUNPATH_SEARCH_PATHS = "$(inherited) @executable_path/Frameworks";
				PRODUCT_BUNDLE_IDENTIFIER = Zen.CatchTheRate;
				PRODUCT_NAME = "$(TARGET_NAME)";
				SWIFT_VERSION = 3.0;
			};
			name = Release;
		};
/* End XCBuildConfiguration section */

/* Begin XCConfigurationList section */
		AD661EF31F0FCD16008F5A88 /* Build configuration list for PBXProject "CatchTheRate" */ = {
			isa = XCConfigurationList;
			buildConfigurations = (
				AD661F081F0FCD17008F5A88 /* Debug */,
				AD661F091F0FCD17008F5A88 /* Release */,
			);
			defaultConfigurationIsVisible = 0;
			defaultConfigurationName = Release;
		};
		AD661F0A1F0FCD17008F5A88 /* Build configuration list for PBXNativeTarget "CatchTheRate" */ = {
			isa = XCConfigurationList;
			buildConfigurations = (
				AD661F0B1F0FCD17008F5A88 /* Debug */,
				AD661F0C1F0FCD17008F5A88 /* Release */,
			);
			defaultConfigurationIsVisible = 0;
			defaultConfigurationName = Release;
		};
/* End XCConfigurationList section */
	};
	rootObject = AD661EF01F0FCD16008F5A88 /* Project object */;
}
